
Microsoft Visual Studio Solution File, Format Version 12.00
# Visual Studio 15
VisualStudioVersion = 15.0.28307.902
MinimumVisualStudioVersion = 10.0.40219.1
Project("{FAE04EC0-301F-11D3-BF4B-00C04F79EFBC}") = "WebAPIBank", "WebAPIBank\WebAPIBank.csproj", "{AF647F33-15E6-40AE-88D9-C028E4E28ED0}"
EndProject
Global
	GlobalSection(SolutionConfigurationPlatforms) = preSolution
		Debug|Any CPU = Debug|Any CPU
		Release|Any CPU = Release|Any CPU
	EndGlobalSection
	GlobalSection(ProjectConfigurationPlatforms) = postSolution
		{AF647F33-15E6-40AE-88D9-C028E4E28ED0}.Debug|Any CPU.ActiveCfg = Debug|Any CPU
		{AF647F33-15E6-40AE-88D9-C028E4E28ED0}.Debug|Any CPU.Build.0 = Debug|Any CPU
		{AF647F33-15E6-40AE-88D9-C028E4E28ED0}.Release|Any CPU.ActiveCfg = Release|Any CPU
		{AF647F33-15E6-40AE-88D9-C028E4E28ED0}.Release|Any CPU.Build.0 = Release|Any CPU
	EndGlobalSection
	GlobalSection(SolutionProperties) = preSolution
		HideSolutionNode = FALSE
	EndGlobalSection
	GlobalSection(ExtensibilityGlobals) = postSolution
		SolutionGuid = {0549B277-C722-4078-8D94-424045DEF9AE}
	EndGlobalSection
EndGlobal
